
Microsoft Visual Studio Solution File, Format Version 12.00
# Visual Studio Version 16
VisualStudioVersion = 16.0.30225.117
MinimumVisualStudioVersion = 10.0.40219.1
Project("{FAE04EC0-301F-11D3-BF4B-00C04F79EFBC}") = "Hotel", "Hotel\Hotel.csproj", "{92313FBF-BA56-44B0-ABE9-11CE608C0A63}"
EndProject
Project("{FAE04EC0-301F-11D3-BF4B-00C04F79EFBC}") = "HotelTest", "HotelTest\HotelTest.csproj", "{430FA2B6-38FA-47D9-99EF-0A6789794B94}"
EndProject
Global
	GlobalSection(SolutionConfigurationPlatforms) = preSolution
		Debug|Any CPU = Debug|Any CPU
		Release|Any CPU = Release|Any CPU
	EndGlobalSection
	GlobalSection(ProjectConfigurationPlatforms) = postSolution
		{92313FBF-BA56-44B0-ABE9-11CE608C0A63}.Debug|Any CPU.ActiveCfg = Debug|Any CPU
		{92313FBF-BA56-44B0-ABE9-11CE608C0A63}.Debug|Any CPU.Build.0 = Debug|Any CPU
		{92313FBF-BA56-44B0-ABE9-11CE608C0A63}.Release|Any CPU.ActiveCfg = Release|Any CPU
		{92313FBF-BA56-44B0-ABE9-11CE608C0A63}.Release|Any CPU.Build.0 = Release|Any CPU
		{430FA2B6-38FA-47D9-99EF-0A6789794B94}.Debug|Any CPU.ActiveCfg = Debug|Any CPU
		{430FA2B6-38FA-47D9-99EF-0A6789794B94}.Debug|Any CPU.Build.0 = Debug|Any CPU
		{430FA2B6-38FA-47D9-99EF-0A6789794B94}.Release|Any CPU.ActiveCfg = Release|Any CPU
		{430FA2B6-38FA-47D9-99EF-0A6789794B94}.Release|Any CPU.Build.0 = Release|Any CPU
	EndGlobalSection
	GlobalSection(SolutionProperties) = preSolution
		HideSolutionNode = FALSE
	EndGlobalSection
	GlobalSection(ExtensibilityGlobals) = postSolution
		SolutionGuid = {536DEB5D-C9AB-40A7-809F-721F5B4480B1}
	EndGlobalSection
EndGlobal
